// !$*UTF8*$!
{
	archiveVersion = 1;
	classes = {
	};
	objectVersion = 50;
	objects = {

/* Begin PBXBuildFile section */
		CC23F50F26A35F0B0085766A /* Shapes.swift in Sources */ = {isa = PBXBuildFile; fileRef = CC23F50E26A35F0B0085766A /* Shapes.swift */; };
		CC23F51126A364EF0085766A /* RoundViews.swift in Sources */ = {isa = PBXBuildFile; fileRef = CC23F51026A364EF0085766A /* RoundViews.swift */; };
		CC23F51326A369E20085766A /* BackgroundView.swift in Sources */ = {isa = PBXBuildFile; fileRef = CC23F51226A369E20085766A /* BackgroundView.swift */; };
		CC23F51526A4EBFC0085766A /* PointsView.swift in Sources */ = {isa = PBXBuildFile; fileRef = CC23F51426A4EBFC0085766A /* PointsView.swift */; };
		CC23F51726A500B30085766A /* Constants.swift in Sources */ = {isa = PBXBuildFile; fileRef = CC23F51626A500B30085766A /* Constants.swift */; };
		CC23F51926A622FE0085766A /* LeaderboardView.swift in Sources */ = {isa = PBXBuildFile; fileRef = CC23F51826A622FE0085766A /* LeaderboardView.swift */; };
		CC7914DE26A0E3E60086D8D3 /* BullseyeApp.swift in Sources */ = {isa = PBXBuildFile; fileRef = CC7914DD26A0E3E60086D8D3 /* BullseyeApp.swift */; };
		CC7914E026A0E3E60086D8D3 /* ContentView.swift in Sources */ = {isa = PBXBuildFile; fileRef = CC7914DF26A0E3E60086D8D3 /* ContentView.swift */; };
		CC7914E226A0E3E60086D8D3 /* Assets.xcassets in Resources */ = {isa = PBXBuildFile; fileRef = CC7914E126A0E3E60086D8D3 /* Assets.xcassets */; };
		CC7914E526A0E3E60086D8D3 /* Preview Assets.xcassets in Resources */ = {isa = PBXBuildFile; fileRef = CC7914E426A0E3E60086D8D3 /* Preview Assets.xcassets */; };
		CC7914F026A10FB90086D8D3 /* Game.swift in Sources */ = {isa = PBXBuildFile; fileRef = CC7914EF26A10FB90086D8D3 /* Game.swift */; };
		CC7914F826A22E890086D8D3 /* BullseyeTests.swift in Sources */ = {isa = PBXBuildFile; fileRef = CC7914F726A22E890086D8D3 /* BullseyeTests.swift */; };
		CC79150026A25B770086D8D3 /* TextViews.swift in Sources */ = {isa = PBXBuildFile; fileRef = CC7914FF26A25B770086D8D3 /* TextViews.swift */; };
/* End PBXBuildFile section */

/* Begin PBXContainerItemProxy section */
		CC7914FA26A22E890086D8D3 /* PBXContainerItemProxy */ = {
			isa = PBXContainerItemProxy;
			containerPortal = CC7914D226A0E3E60086D8D3 /* Project object */;
			proxyType = 1;
			remoteGlobalIDString = CC7914D926A0E3E60086D8D3;
			remoteInfo = Bullseye;
		};
/* End PBXContainerItemProxy section */

/* Begin PBXFileReference section */
		CC23F50E26A35F0B0085766A /* Shapes.swift */ = {isa = PBXFileReference; lastKnownFileType = sourcecode.swift; path = Shapes.swift; sourceTree = "<group>"; };
		CC23F51026A364EF0085766A /* RoundViews.swift */ = {isa = PBXFileReference; lastKnownFileType = sourcecode.swift; path = RoundViews.swift; sourceTree = "<group>"; };
		CC23F51226A369E20085766A /* BackgroundView.swift */ = {isa = PBXFileReference; lastKnownFileType = sourcecode.swift; path = BackgroundView.swift; sourceTree = "<group>"; };
		CC23F51426A4EBFC0085766A /* PointsView.swift */ = {isa = PBXFileReference; lastKnownFileType = sourcecode.swift; path = PointsView.swift; sourceTree = "<group>"; };
		CC23F51626A500B30085766A /* Constants.swift */ = {isa = PBXFileReference; lastKnownFileType = sourcecode.swift; path = Constants.swift; sourceTree = "<group>"; };
		CC23F51826A622FE0085766A /* LeaderboardView.swift */ = {isa = PBXFileReference; lastKnownFileType = sourcecode.swift; path = LeaderboardView.swift; sourceTree = "<group>"; };
		CC7914DA26A0E3E60086D8D3 /* Bullseye.app */ = {isa = PBXFileReference; explicitFileType = wrapper.application; includeInIndex = 0; path = Bullseye.app; sourceTree = BUILT_PRODUCTS_DIR; };
		CC7914DD26A0E3E60086D8D3 /* BullseyeApp.swift */ = {isa = PBXFileReference; lastKnownFileType = sourcecode.swift; path = BullseyeApp.swift; sourceTree = "<group>"; };
		CC7914DF26A0E3E60086D8D3 /* ContentView.swift */ = {isa = PBXFileReference; lastKnownFileType = sourcecode.swift; path = ContentView.swift; sourceTree = "<group>"; };
		CC7914E126A0E3E60086D8D3 /* Assets.xcassets */ = {isa = PBXFileReference; lastKnownFileType = folder.assetcatalog; path = Assets.xcassets; sourceTree = "<group>"; };
		CC7914E426A0E3E60086D8D3 /* Preview Assets.xcassets */ = {isa = PBXFileReference; lastKnownFileType = folder.assetcatalog; path = "Preview Assets.xcassets"; sourceTree = "<group>"; };
		CC7914E626A0E3E60086D8D3 /* Info.plist */ = {isa = PBXFileReference; lastKnownFileType = text.plist.xml; path = Info.plist; sourceTree = "<group>"; };
		CC7914EF26A10FB90086D8D3 /* Game.swift */ = {isa = PBXFileReference; lastKnownFileType = sourcecode.swift; path = Game.swift; sourceTree = "<group>"; };
		CC7914F526A22E890086D8D3 /* BullseyeTests.xctest */ = {isa = PBXFileReference; explicitFileType = wrapper.cfbundle; includeInIndex = 0; path = BullseyeTests.xctest; sourceTree = BUILT_PRODUCTS_DIR; };
		CC7914F726A22E890086D8D3 /* BullseyeTests.swift */ = {isa = PBXFileReference; lastKnownFileType = sourcecode.swift; path = BullseyeTests.swift; sourceTree = "<group>"; };
		CC7914F926A22E890086D8D3 /* Info.plist */ = {isa = PBXFileReference; lastKnownFileType = text.plist.xml; path = Info.plist; sourceTree = "<group>"; };
		CC7914FF26A25B770086D8D3 /* TextViews.swift */ = {isa = PBXFileReference; lastKnownFileType = sourcecode.swift; path = TextViews.swift; sourceTree = "<group>"; };
/* End PBXFileReference section */

/* Begin PBXFrameworksBuildPhase section */
		CC7914D726A0E3E60086D8D3 /* Frameworks */ = {
			isa = PBXFrameworksBuildPhase;
			buildActionMask = 2147483647;
			files = (
			);
			runOnlyForDeploymentPostprocessing = 0;
		};
		CC7914F226A22E890086D8D3 /* Frameworks */ = {
			isa = PBXFrameworksBuildPhase;
			buildActionMask = 2147483647;
			files = (
			);
			runOnlyForDeploymentPostprocessing = 0;
		};
/* End PBXFrameworksBuildPhase section */

/* Begin PBXGroup section */
		CC7914D126A0E3E60086D8D3 = {
			isa = PBXGroup;
			children = (
				CC7914DC26A0E3E60086D8D3 /* Bullseye */,
				CC7914F626A22E890086D8D3 /* BullseyeTests */,
				CC7914DB26A0E3E60086D8D3 /* Products */,
			);
			sourceTree = "<group>";
		};
		CC7914DB26A0E3E60086D8D3 /* Products */ = {
			isa = PBXGroup;
			children = (
				CC7914DA26A0E3E60086D8D3 /* Bullseye.app */,
				CC7914F526A22E890086D8D3 /* BullseyeTests.xctest */,
			);
			name = Products;
			sourceTree = "<group>";
		};
		CC7914DC26A0E3E60086D8D3 /* Bullseye */ = {
			isa = PBXGroup;
			children = (
				CC7914EE26A10F2A0086D8D3 /* App */,
				CC7914ED26A10F160086D8D3 /* Views */,
				CC7914EC26A10F0C0086D8D3 /* Models */,
				CC7914E326A0E3E60086D8D3 /* Preview Content */,
			);
			path = Bullseye;
			sourceTree = "<group>";
		};
		CC7914E326A0E3E60086D8D3 /* Preview Content */ = {
			isa = PBXGroup;
			children = (
				CC7914E426A0E3E60086D8D3 /* Preview Assets.xcassets */,
			);
			path = "Preview Content";
			sourceTree = "<group>";
		};
		CC7914EC26A10F0C0086D8D3 /* Models */ = {
			isa = PBXGroup;
			children = (
				CC7914EF26A10FB90086D8D3 /* Game.swift */,
				CC23F51626A500B30085766A /* Constants.swift */,
			);
			path = Models;
			sourceTree = "<group>";
		};
		CC7914ED26A10F160086D8D3 /* Views */ = {
			isa = PBXGroup;
			children = (
				CC7914DF26A0E3E60086D8D3 /* ContentView.swift */,
				CC7914FF26A25B770086D8D3 /* TextViews.swift */,
				CC23F50E26A35F0B0085766A /* Shapes.swift */,
				CC23F51026A364EF0085766A /* RoundViews.swift */,
				CC23F51226A369E20085766A /* BackgroundView.swift */,
				CC23F51426A4EBFC0085766A /* PointsView.swift */,
				CC23F51826A622FE0085766A /* LeaderboardView.swift */,
			);
			path = Views;
			sourceTree = "<group>";
		};
		CC7914EE26A10F2A0086D8D3 /* App */ = {
			isa = PBXGroup;
			children = (
				CC7914DD26A0E3E60086D8D3 /* BullseyeApp.swift */,
				CC7914E126A0E3E60086D8D3 /* Assets.xcassets */,
				CC7914E626A0E3E60086D8D3 /* Info.plist */,
			);
			path = App;
			sourceTree = "<group>";
		};
		CC7914F626A22E890086D8D3 /* BullseyeTests */ = {
			isa = PBXGroup;
			children = (
				CC7914F726A22E890086D8D3 /* BullseyeTests.swift */,
				CC7914F926A22E890086D8D3 /* Info.plist */,
			);
			path = BullseyeTests;
			sourceTree = "<group>";
		};
/* End PBXGroup section */

/* Begin PBXNativeTarget section */
		CC7914D926A0E3E60086D8D3 /* Bullseye */ = {
			isa = PBXNativeTarget;
			buildConfigurationList = CC7914E926A0E3E60086D8D3 /* Build configuration list for PBXNativeTarget "Bullseye" */;
			buildPhases = (
				CC7914D626A0E3E60086D8D3 /* Sources */,
				CC7914D726A0E3E60086D8D3 /* Frameworks */,
				CC7914D826A0E3E60086D8D3 /* Resources */,
			);
			buildRules = (
			);
			dependencies = (
			);
			name = Bullseye;
			productName = Bullseye;
			productReference = CC7914DA26A0E3E60086D8D3 /* Bullseye.app */;
			productType = "com.apple.product-type.application";
		};
		CC7914F426A22E890086D8D3 /* BullseyeTests */ = {
			isa = PBXNativeTarget;
			buildConfigurationList = CC7914FC26A22E890086D8D3 /* Build configuration list for PBXNativeTarget "BullseyeTests" */;
			buildPhases = (
				CC7914F126A22E890086D8D3 /* Sources */,
				CC7914F226A22E890086D8D3 /* Frameworks */,
				CC7914F326A22E890086D8D3 /* Resources */,
			);
			buildRules = (
			);
			dependencies = (
				CC7914FB26A22E890086D8D3 /* PBXTargetDependency */,
			);
			name = BullseyeTests;
			productName = BullseyeTests;
			productReference = CC7914F526A22E890086D8D3 /* BullseyeTests.xctest */;
			productType = "com.apple.product-type.bundle.unit-test";
		};
/* End PBXNativeTarget section */

/* Begin PBXProject section */
		CC7914D226A0E3E60086D8D3 /* Project object */ = {
			isa = PBXProject;
			attributes = {
				LastSwiftUpdateCheck = 1250;
				LastUpgradeCheck = 1250;
				TargetAttributes = {
					CC7914D926A0E3E60086D8D3 = {
						CreatedOnToolsVersion = 12.5.1;
					};
					CC7914F426A22E890086D8D3 = {
						CreatedOnToolsVersion = 12.5.1;
						TestTargetID = CC7914D926A0E3E60086D8D3;
					};
				};
			};
			buildConfigurationList = CC7914D526A0E3E60086D8D3 /* Build configuration list for PBXProject "Bullseye" */;
			compatibilityVersion = "Xcode 9.3";
			developmentRegion = en;
			hasScannedForEncodings = 0;
			knownRegions = (
				en,
				Base,
			);
			mainGroup = CC7914D126A0E3E60086D8D3;
			productRefGroup = CC7914DB26A0E3E60086D8D3 /* Products */;
			projectDirPath = "";
			projectRoot = "";
			targets = (
				CC7914D926A0E3E60086D8D3 /* Bullseye */,
				CC7914F426A22E890086D8D3 /* BullseyeTests */,
			);
		};
/* End PBXProject section */

/* Begin PBXResourcesBuildPhase section */
		CC7914D826A0E3E60086D8D3 /* Resources */ = {
			isa = PBXResourcesBuildPhase;
			buildActionMask = 2147483647;
			files = (
				CC7914E526A0E3E60086D8D3 /* Preview Assets.xcassets in Resources */,
				CC7914E226A0E3E60086D8D3 /* Assets.xcassets in Resources */,
			);
			runOnlyForDeploymentPostprocessing = 0;
		};
		CC7914F326A22E890086D8D3 /* Resources */ = {
			isa = PBXResourcesBuildPhase;
			buildActionMask = 2147483647;
			files = (
			);
			runOnlyForDeploymentPostprocessing = 0;
		};
/* End PBXResourcesBuildPhase section */

/* Begin PBXSourcesBuildPhase section */
		CC7914D626A0E3E60086D8D3 /* Sources */ = {
			isa = PBXSourcesBuildPhase;
			buildActionMask = 2147483647;
			files = (
				CC23F51926A622FE0085766A /* LeaderboardView.swift in Sources */,
				CC7914E026A0E3E60086D8D3 /* ContentView.swift in Sources */,
				CC23F51326A369E20085766A /* BackgroundView.swift in Sources */,
				CC79150026A25B770086D8D3 /* TextViews.swift in Sources */,
				CC23F51526A4EBFC0085766A /* PointsView.swift in Sources */,
				CC23F50F26A35F0B0085766A /* Shapes.swift in Sources */,
				CC7914F026A10FB90086D8D3 /* Game.swift in Sources */,
				CC23F51726A500B30085766A /* Constants.swift in Sources */,
				CC7914DE26A0E3E60086D8D3 /* BullseyeApp.swift in Sources */,
				CC23F51126A364EF0085766A /* RoundViews.swift in Sources */,
			);
			runOnlyForDeploymentPostprocessing = 0;
		};
		CC7914F126A22E890086D8D3 /* Sources */ = {
			isa = PBXSourcesBuildPhase;
			buildActionMask = 2147483647;
			files = (
				CC7914F826A22E890086D8D3 /* BullseyeTests.swift in Sources */,
			);
			runOnlyForDeploymentPostprocessing = 0;
		};
/* End PBXSourcesBuildPhase section */

/* Begin PBXTargetDependency section */
		CC7914FB26A22E890086D8D3 /* PBXTargetDependency */ = {
			isa = PBXTargetDependency;
			target = CC7914D926A0E3E60086D8D3 /* Bullseye */;
			targetProxy = CC7914FA26A22E890086D8D3 /* PBXContainerItemProxy */;
		};
/* End PBXTargetDependency section */

/* Begin XCBuildConfiguration section */
		CC7914E726A0E3E60086D8D3 /* Debug */ = {
			isa = XCBuildConfiguration;
			buildSettings = {
				ALWAYS_SEARCH_USER_PATHS = NO;
				CLANG_ANALYZER_NONNULL = YES;
				CLANG_ANALYZER_NUMBER_OBJECT_CONVERSION = YES_AGGRESSIVE;
				CLANG_CXX_LANGUAGE_STANDARD = "gnu++14";
				CLANG_CXX_LIBRARY = "libc++";
				CLANG_ENABLE_MODULES = YES;
				CLANG_ENABLE_OBJC_ARC = YES;
				CLANG_ENABLE_OBJC_WEAK = YES;
				CLANG_WARN_BLOCK_CAPTURE_AUTORELEASING = YES;
				CLANG_WARN_BOOL_CONVERSION = YES;
				CLANG_WARN_COMMA = YES;
				CLANG_WARN_CONSTANT_CONVERSION = YES;
				CLANG_WARN_DEPRECATED_OBJC_IMPLEMENTATIONS = YES;
				CLANG_WARN_DIRECT_OBJC_ISA_USAGE = YES_ERROR;
				CLANG_WARN_DOCUMENTATION_COMMENTS = YES;
				CLANG_WARN_EMPTY_BODY = YES;
				CLANG_WARN_ENUM_CONVERSION = YES;
				CLANG_WARN_INFINITE_RECURSION = YES;
				CLANG_WARN_INT_CONVERSION = YES;
				CLANG_WARN_NON_LITERAL_NULL_CONVERSION = YES;
				CLANG_WARN_OBJC_IMPLICIT_RETAIN_SELF = YES;
				CLANG_WARN_OBJC_LITERAL_CONVERSION = YES;
				CLANG_WARN_OBJC_ROOT_CLASS = YES_ERROR;
				CLANG_WARN_QUOTED_INCLUDE_IN_FRAMEWORK_HEADER = YES;
				CLANG_WARN_RANGE_LOOP_ANALYSIS = YES;
				CLANG_WARN_STRICT_PROTOTYPES = YES;
				CLANG_WARN_SUSPICIOUS_MOVE = YES;
				CLANG_WARN_UNGUARDED_AVAILABILITY = YES_AGGRESSIVE;
				CLANG_WARN_UNREACHABLE_CODE = YES;
				CLANG_WARN__DUPLICATE_METHOD_MATCH = YES;
				COPY_PHASE_STRIP = NO;
				DEBUG_INFORMATION_FORMAT = dwarf;
				ENABLE_STRICT_OBJC_MSGSEND = YES;
				ENABLE_TESTABILITY = YES;
				GCC_C_LANGUAGE_STANDARD = gnu11;
				GCC_DYNAMIC_NO_PIC = NO;
				GCC_NO_COMMON_BLOCKS = YES;
				GCC_OPTIMIZATION_LEVEL = 0;
				GCC_PREPROCESSOR_DEFINITIONS = (
					"DEBUG=1",
					"$(inherited)",
				);
				GCC_WARN_64_TO_32_BIT_CONVERSION = YES;
				GCC_WARN_ABOUT_RETURN_TYPE = YES_ERROR;
				GCC_WARN_UNDECLARED_SELECTOR = YES;
				GCC_WARN_UNINITIALIZED_AUTOS = YES_AGGRESSIVE;
				GCC_WARN_UNUSED_FUNCTION = YES;
				GCC_WARN_UNUSED_VARIABLE = YES;
				IPHONEOS_DEPLOYMENT_TARGET = 14.5;
				MTL_ENABLE_DEBUG_INFO = INCLUDE_SOURCE;
				MTL_FAST_MATH = YES;
				ONLY_ACTIVE_ARCH = YES;
				SDKROOT = iphoneos;
				SWIFT_ACTIVE_COMPILATION_CONDITIONS = DEBUG;
				SWIFT_OPTIMIZATION_LEVEL = "-Onone";
			};
			name = Debug;
		};
		CC7914E826A0E3E60086D8D3 /* Release */ = {
			isa = XCBuildConfiguration;
			buildSettings = {
				ALWAYS_SEARCH_USER_PATHS = NO;
				CLANG_ANALYZER_NONNULL = YES;
				CLANG_ANALYZER_NUMBER_OBJECT_CONVERSION = YES_AGGRESSIVE;
				CLANG_CXX_LANGUAGE_STANDARD = "gnu++14";
				CLANG_CXX_LIBRARY = "libc++";
				CLANG_ENABLE_MODULES = YES;
				CLANG_ENABLE_OBJC_ARC = YES;
				CLANG_ENABLE_OBJC_WEAK = YES;
				CLANG_WARN_BLOCK_CAPTURE_AUTORELEASING = YES;
				CLANG_WARN_BOOL_CONVERSION = YES;
				CLANG_WARN_COMMA = YES;
				CLANG_WARN_CONSTANT_CONVERSION = YES;
				CLANG_WARN_DEPRECATED_OBJC_IMPLEMENTATIONS = YES;
				CLANG_WARN_DIRECT_OBJC_ISA_USAGE = YES_ERROR;
				CLANG_WARN_DOCUMENTATION_COMMENTS = YES;
				CLANG_WARN_EMPTY_BODY = YES;
				CLANG_WARN_ENUM_CONVERSION = YES;
				CLANG_WARN_INFINITE_RECURSION = YES;
				CLANG_WARN_INT_CONVERSION = YES;
				CLANG_WARN_NON_LITERAL_NULL_CONVERSION = YES;
				CLANG_WARN_OBJC_IMPLICIT_RETAIN_SELF = YES;
				CLANG_WARN_OBJC_LITERAL_CONVERSION = YES;
				CLANG_WARN_OBJC_ROOT_CLASS = YES_ERROR;
				CLANG_WARN_QUOTED_INCLUDE_IN_FRAMEWORK_HEADER = YES;
				CLANG_WARN_RANGE_LOOP_ANALYSIS = YES;
				CLANG_WARN_STRICT_PROTOTYPES = YES;
				CLANG_WARN_SUSPICIOUS_MOVE = YES;
				CLANG_WARN_UNGUARDED_AVAILABILITY = YES_AGGRESSIVE;
				CLANG_WARN_UNREACHABLE_CODE = YES;
				CLANG_WARN__DUPLICATE_METHOD_MATCH = YES;
				COPY_PHASE_STRIP = NO;
				DEBUG_INFORMATION_FORMAT = "dwarf-with-dsym";
				ENABLE_NS_ASSERTIONS = NO;
				ENABLE_STRICT_OBJC_MSGSEND = YES;
				GCC_C_LANGUAGE_STANDARD = gnu11;
				GCC_NO_COMMON_BLOCKS = YES;
				GCC_WARN_64_TO_32_BIT_CONVERSION = YES;
				GCC_WARN_ABOUT_RETURN_TYPE = YES_ERROR;
				GCC_WARN_UNDECLARED_SELECTOR = YES;
				GCC_WARN_UNINITIALIZED_AUTOS = YES_AGGRESSIVE;
				GCC_WARN_UNUSED_FUNCTION = YES;
				GCC_WARN_UNUSED_VARIABLE = YES;
				IPHONEOS_DEPLOYMENT_TARGET = 14.5;
				MTL_ENABLE_DEBUG_INFO = NO;
				MTL_FAST_MATH = YES;
				SDKROOT = iphoneos;
				SWIFT_COMPILATION_MODE = wholemodule;
				SWIFT_OPTIMIZATION_LEVEL = "-O";
				VALIDATE_PRODUCT = YES;
			};
			name = Release;
		};
		CC7914EA26A0E3E60086D8D3 /* Debug */ = {
			isa = XCBuildConfiguration;
			buildSettings = {
				ASSETCATALOG_COMPILER_APPICON_NAME = AppIcon;
				ASSETCATALOG_COMPILER_GLOBAL_ACCENT_COLOR_NAME = AccentColor;
				CODE_SIGN_STYLE = Automatic;
				DEVELOPMENT_ASSET_PATHS = "\"Bullseye/Preview Content\"";
				DEVELOPMENT_TEAM = WV4T2LN4GH;
				ENABLE_PREVIEWS = YES;
				INFOPLIST_FILE = Bullseye/App/Info.plist;
				IPHONEOS_DEPLOYMENT_TARGET = 14.0;
				LD_RUNPATH_SEARCH_PATHS = (
					"$(inherited)",
					"@executable_path/Frameworks",
				);
				PRODUCT_BUNDLE_IDENTIFIER = com.anepodymka.Bullseye;
				PRODUCT_NAME = "$(TARGET_NAME)";
				SWIFT_VERSION = 5.0;
				TARGETED_DEVICE_FAMILY = "1,2";
			};
			name = Debug;
		};
		CC7914EB26A0E3E60086D8D3 /* Release */ = {
			isa = XCBuildConfiguration;
			buildSettings = {
				ASSETCATALOG_COMPILER_APPICON_NAME = AppIcon;
				ASSETCATALOG_COMPILER_GLOBAL_ACCENT_COLOR_NAME = AccentColor;
				CODE_SIGN_STYLE = Automatic;
				DEVELOPMENT_ASSET_PATHS = "\"Bullseye/Preview Content\"";
				DEVELOPMENT_TEAM = WV4T2LN4GH;
				ENABLE_PREVIEWS = YES;
				INFOPLIST_FILE = Bullseye/App/Info.plist;
				IPHONEOS_DEPLOYMENT_TARGET = 14.0;
				LD_RUNPATH_SEARCH_PATHS = (
					"$(inherited)",
					"@executable_path/Frameworks",
				);
				PRODUCT_BUNDLE_IDENTIFIER = com.anepodymka.Bullseye;
				PRODUCT_NAME = "$(TARGET_NAME)";
				SWIFT_VERSION = 5.0;
				TARGETED_DEVICE_FAMILY = "1,2";
			};
			name = Release;
		};
		CC7914FD26A22E890086D8D3 /* Debug */ = {
			isa = XCBuildConfiguration;
			buildSettings = {
				BUNDLE_LOADER = "$(TEST_HOST)";
				CODE_SIGN_STYLE = Automatic;
				DEVELOPMENT_TEAM = WV4T2LN4GH;
				INFOPLIST_FILE = BullseyeTests/Info.plist;
				LD_RUNPATH_SEARCH_PATHS = (
					"$(inherited)",
					"@executable_path/Frameworks",
					"@loader_path/Frameworks",
				);
				PRODUCT_BUNDLE_IDENTIFIER = com.anepodymka.BullseyeTests;
				PRODUCT_NAME = "$(TARGET_NAME)";
				SWIFT_VERSION = 5.0;
				TARGETED_DEVICE_FAMILY = "1,2";
				TEST_HOST = "$(BUILT_PRODUCTS_DIR)/Bullseye.app/Bullseye";
			};
			name = Debug;
		};
		CC7914FE26A22E890086D8D3 /* Release */ = {
			isa = XCBuildConfiguration;
			buildSettings = {
				BUNDLE_LOADER = "$(TEST_HOST)";
				CODE_SIGN_STYLE = Automatic;
				DEVELOPMENT_TEAM = WV4T2LN4GH;
				INFOPLIST_FILE = BullseyeTests/Info.plist;
				LD_RUNPATH_SEARCH_PATHS = (
					"$(inherited)",
					"@executable_path/Frameworks",
					"@loader_path/Frameworks",
				);
				PRODUCT_BUNDLE_IDENTIFIER = com.anepodymka.BullseyeTests;
				PRODUCT_NAME = "$(TARGET_NAME)";
				SWIFT_VERSION = 5.0;
				TARGETED_DEVICE_FAMILY = "1,2";
				TEST_HOST = "$(BUILT_PRODUCTS_DIR)/Bullseye.app/Bullseye";
			};
			name = Release;
		};
/* End XCBuildConfiguration section */

/* Begin XCConfigurationList section */
		CC7914D526A0E3E60086D8D3 /* Build configuration list for PBXProject "Bullseye" */ = {
			isa = XCConfigurationList;
			buildConfigurations = (
				CC7914E726A0E3E60086D8D3 /* Debug */,
				CC7914E826A0E3E60086D8D3 /* Release */,
			);
			defaultConfigurationIsVisible = 0;
			defaultConfigurationName = Release;
		};
		CC7914E926A0E3E60086D8D3 /* Build configuration list for PBXNativeTarget "Bullseye" */ = {
			isa = XCConfigurationList;
			buildConfigurations = (
				CC7914EA26A0E3E60086D8D3 /* Debug */,
				CC7914EB26A0E3E60086D8D3 /* Release */,
			);
			defaultConfigurationIsVisible = 0;
			defaultConfigurationName = Release;
		};
		CC7914FC26A22E890086D8D3 /* Build configuration list for PBXNativeTarget "BullseyeTests" */ = {
			isa = XCConfigurationList;
			buildConfigurations = (
				CC7914FD26A22E890086D8D3 /* Debug */,
				CC7914FE26A22E890086D8D3 /* Release */,
			);
			defaultConfigurationIsVisible = 0;
			defaultConfigurationName = Release;
		};
/* End XCConfigurationList section */
	};
	rootObject = CC7914D226A0E3E60086D8D3 /* Project object */;
}
